
Microsoft Visual Studio Solution File, Format Version 12.00
# Visual Studio 14
VisualStudioVersion = 14.0.25123.0
MinimumVisualStudioVersion = 10.0.40219.1
Project("{2150E333-8FDC-42A3-9474-1A3956D46DE8}") = ".paket", ".paket", "{57042917-830F-4B95-A295-38469D68AC26}"
EndProject
Project("{2150E333-8FDC-42A3-9474-1A3956D46DE8}") = "Solution Items", "Solution Items", "{E3C33902-6AE6-46C9-9F91-9001B4200EAF}"
	ProjectSection(SolutionItems) = preProject
		global.json = global.json
	EndProjectSection
EndProject
Project("{FAE04EC0-301F-11D3-BF4B-00C04F79EFBC}") = "Shuffle.Tests", "Shuffle.Tests\Shuffle.Tests.csproj", "{718A2354-2E85-48A1-858C-2DADE9F74C11}"
EndProject
Project("{FAE04EC0-301F-11D3-BF4B-00C04F79EFBC}") = "Shuffle", "Shuffle\Shuffle.csproj", "{2AA34675-EF46-410B-B9B3-BBE288C09693}"
EndProject
Project("{FAE04EC0-301F-11D3-BF4B-00C04F79EFBC}") = "MissionsOfBrimstone", "MissionsOfBrimstone\MissionsOfBrimstone.csproj", "{5ED0200A-75A2-49E9-909F-19FC745C1CD7}"
EndProject
Global
	GlobalSection(SolutionConfigurationPlatforms) = preSolution
		Debug|Any CPU = Debug|Any CPU
		Release|Any CPU = Release|Any CPU
	EndGlobalSection
	GlobalSection(ProjectConfigurationPlatforms) = postSolution
		{718A2354-2E85-48A1-858C-2DADE9F74C11}.Debug|Any CPU.ActiveCfg = Debug|Any CPU
		{718A2354-2E85-48A1-858C-2DADE9F74C11}.Debug|Any CPU.Build.0 = Debug|Any CPU
		{718A2354-2E85-48A1-858C-2DADE9F74C11}.Release|Any CPU.ActiveCfg = Release|Any CPU
		{718A2354-2E85-48A1-858C-2DADE9F74C11}.Release|Any CPU.Build.0 = Release|Any CPU
		{2AA34675-EF46-410B-B9B3-BBE288C09693}.Debug|Any CPU.ActiveCfg = Debug|Any CPU
		{2AA34675-EF46-410B-B9B3-BBE288C09693}.Debug|Any CPU.Build.0 = Debug|Any CPU
		{2AA34675-EF46-410B-B9B3-BBE288C09693}.Release|Any CPU.ActiveCfg = Release|Any CPU
		{2AA34675-EF46-410B-B9B3-BBE288C09693}.Release|Any CPU.Build.0 = Release|Any CPU
		{5ED0200A-75A2-49E9-909F-19FC745C1CD7}.Debug|Any CPU.ActiveCfg = Debug|Any CPU
		{5ED0200A-75A2-49E9-909F-19FC745C1CD7}.Debug|Any CPU.Build.0 = Debug|Any CPU
		{5ED0200A-75A2-49E9-909F-19FC745C1CD7}.Debug|Any CPU.Deploy.0 = Debug|Any CPU
		{5ED0200A-75A2-49E9-909F-19FC745C1CD7}.Release|Any CPU.ActiveCfg = Release|Any CPU
		{5ED0200A-75A2-49E9-909F-19FC745C1CD7}.Release|Any CPU.Build.0 = Release|Any CPU
		{5ED0200A-75A2-49E9-909F-19FC745C1CD7}.Release|Any CPU.Deploy.0 = Release|Any CPU
	EndGlobalSection
	GlobalSection(SolutionProperties) = preSolution
		HideSolutionNode = FALSE
	EndGlobalSection
EndGlobal
